
Microsoft Visual Studio Solution File, Format Version 12.00
# Visual Studio 15
VisualStudioVersion = 15.0.28307.572
MinimumVisualStudioVersion = 10.0.40219.1
Project("{FAE04EC0-301F-11D3-BF4B-00C04F79EFBC}") = "Ioco.Application", "Ioco.Application\Ioco.Application.csproj", "{799433AF-C89D-4230-A547-471F38CC7EE4}"
EndProject
Project("{FAE04EC0-301F-11D3-BF4B-00C04F79EFBC}") = "Ioco.Service", "Ioco.Service\Ioco.Service.csproj", "{7DC9013A-A5B4-47B9-9782-45428F3FB6AD}"
EndProject
Project("{FAE04EC0-301F-11D3-BF4B-00C04F79EFBC}") = "Ioco.DTO", "Ioco.DTO\Ioco.DTO.csproj", "{5A545737-C68F-4D9E-A953-A06920B68917}"
EndProject
Project("{FAE04EC0-301F-11D3-BF4B-00C04F79EFBC}") = "Ioco.Core", "Ioco.Core\Ioco.Core.csproj", "{B0869DC7-9483-4100-98A0-8903874CD2E6}"
EndProject
Project("{FAE04EC0-301F-11D3-BF4B-00C04F79EFBC}") = "Ioco.EntityFrameWork", "Ioco.EntityFrameWork\Ioco.EntityFrameWork.csproj", "{4F7C83A5-6B99-4009-A7E6-1C446A963C80}"
EndProject
Global
	GlobalSection(SolutionConfigurationPlatforms) = preSolution
		Debug|Any CPU = Debug|Any CPU
		Release|Any CPU = Release|Any CPU
	EndGlobalSection
	GlobalSection(ProjectConfigurationPlatforms) = postSolution
		{799433AF-C89D-4230-A547-471F38CC7EE4}.Debug|Any CPU.ActiveCfg = Debug|Any CPU
		{799433AF-C89D-4230-A547-471F38CC7EE4}.Debug|Any CPU.Build.0 = Debug|Any CPU
		{799433AF-C89D-4230-A547-471F38CC7EE4}.Release|Any CPU.ActiveCfg = Release|Any CPU
		{799433AF-C89D-4230-A547-471F38CC7EE4}.Release|Any CPU.Build.0 = Release|Any CPU
		{7DC9013A-A5B4-47B9-9782-45428F3FB6AD}.Debug|Any CPU.ActiveCfg = Debug|Any CPU
		{7DC9013A-A5B4-47B9-9782-45428F3FB6AD}.Debug|Any CPU.Build.0 = Debug|Any CPU
		{7DC9013A-A5B4-47B9-9782-45428F3FB6AD}.Release|Any CPU.ActiveCfg = Release|Any CPU
		{7DC9013A-A5B4-47B9-9782-45428F3FB6AD}.Release|Any CPU.Build.0 = Release|Any CPU
		{5A545737-C68F-4D9E-A953-A06920B68917}.Debug|Any CPU.ActiveCfg = Debug|Any CPU
		{5A545737-C68F-4D9E-A953-A06920B68917}.Debug|Any CPU.Build.0 = Debug|Any CPU
		{5A545737-C68F-4D9E-A953-A06920B68917}.Release|Any CPU.ActiveCfg = Release|Any CPU
		{5A545737-C68F-4D9E-A953-A06920B68917}.Release|Any CPU.Build.0 = Release|Any CPU
		{B0869DC7-9483-4100-98A0-8903874CD2E6}.Debug|Any CPU.ActiveCfg = Debug|Any CPU
		{B0869DC7-9483-4100-98A0-8903874CD2E6}.Debug|Any CPU.Build.0 = Debug|Any CPU
		{B0869DC7-9483-4100-98A0-8903874CD2E6}.Release|Any CPU.ActiveCfg = Release|Any CPU
		{B0869DC7-9483-4100-98A0-8903874CD2E6}.Release|Any CPU.Build.0 = Release|Any CPU
		{4F7C83A5-6B99-4009-A7E6-1C446A963C80}.Debug|Any CPU.ActiveCfg = Debug|Any CPU
		{4F7C83A5-6B99-4009-A7E6-1C446A963C80}.Debug|Any CPU.Build.0 = Debug|Any CPU
		{4F7C83A5-6B99-4009-A7E6-1C446A963C80}.Release|Any CPU.ActiveCfg = Release|Any CPU
		{4F7C83A5-6B99-4009-A7E6-1C446A963C80}.Release|Any CPU.Build.0 = Release|Any CPU
	EndGlobalSection
	GlobalSection(SolutionProperties) = preSolution
		HideSolutionNode = FALSE
	EndGlobalSection
	GlobalSection(ExtensibilityGlobals) = postSolution
		SolutionGuid = {177048AF-0B75-4D1A-B432-52758480D9D5}
	EndGlobalSection
EndGlobal
